
Microsoft Visual Studio Solution File, Format Version 12.00
# Visual Studio Version 17
VisualStudioVersion = 17.14.36518.9
MinimumVisualStudioVersion = 10.0.40219.1
Project("{FAE04EC0-301F-11D3-BF4B-00C04F79EFBC}") = "AI.Console.Client", "AI.Console.Client\AI.Console.Client.csproj", "{8DC748D2-DE77-4038-ABDF-B1196D9A1102}"
EndProject
Project("{FAE04EC0-301F-11D3-BF4B-00C04F79EFBC}") = "AI.Blazor.Client", "AI.Blazor.Client\AI.Blazor.Client.csproj", "{D400BDA4-A35E-4DC4-8483-62E856C73C10}"
EndProject
Project("{FAE04EC0-301F-11D3-BF4B-00C04F79EFBC}") = "AI.Agents", "AI.Agents\AI.Agents.csproj", "{313699A2-6245-4FB1-A577-56EE63B11C54}"
EndProject
Project("{FAE04EC0-301F-11D3-BF4B-00C04F79EFBC}") = "AI.Core", "AI.Core\AI.Core.csproj", "{EE7CB656-C8F3-400A-9072-D5323B951D34}"
EndProject
Project("{FAE04EC0-301F-11D3-BF4B-00C04F79EFBC}") = "AI.Services", "AI.Services\AI.Services.csproj", "{D76AD30A-27CE-4E1C-8397-AB7673A14D04}"
EndProject
Global
	GlobalSection(SolutionConfigurationPlatforms) = preSolution
		Debug|Any CPU = Debug|Any CPU
		Debug|x64 = Debug|x64
		Debug|x86 = Debug|x86
		Release|Any CPU = Release|Any CPU
		Release|x64 = Release|x64
		Release|x86 = Release|x86
	EndGlobalSection
	GlobalSection(ProjectConfigurationPlatforms) = postSolution
		{8DC748D2-DE77-4038-ABDF-B1196D9A1102}.Debug|Any CPU.ActiveCfg = Debug|Any CPU
		{8DC748D2-DE77-4038-ABDF-B1196D9A1102}.Debug|Any CPU.Build.0 = Debug|Any CPU
		{8DC748D2-DE77-4038-ABDF-B1196D9A1102}.Debug|x64.ActiveCfg = Debug|Any CPU
		{8DC748D2-DE77-4038-ABDF-B1196D9A1102}.Debug|x64.Build.0 = Debug|Any CPU
		{8DC748D2-DE77-4038-ABDF-B1196D9A1102}.Debug|x86.ActiveCfg = Debug|Any CPU
		{8DC748D2-DE77-4038-ABDF-B1196D9A1102}.Debug|x86.Build.0 = Debug|Any CPU
		{8DC748D2-DE77-4038-ABDF-B1196D9A1102}.Release|Any CPU.ActiveCfg = Release|Any CPU
		{8DC748D2-DE77-4038-ABDF-B1196D9A1102}.Release|Any CPU.Build.0 = Release|Any CPU
		{8DC748D2-DE77-4038-ABDF-B1196D9A1102}.Release|x64.ActiveCfg = Release|Any CPU
		{8DC748D2-DE77-4038-ABDF-B1196D9A1102}.Release|x64.Build.0 = Release|Any CPU
		{8DC748D2-DE77-4038-ABDF-B1196D9A1102}.Release|x86.ActiveCfg = Release|Any CPU
		{8DC748D2-DE77-4038-ABDF-B1196D9A1102}.Release|x86.Build.0 = Release|Any CPU
		{D400BDA4-A35E-4DC4-8483-62E856C73C10}.Debug|Any CPU.ActiveCfg = Debug|Any CPU
		{D400BDA4-A35E-4DC4-8483-62E856C73C10}.Debug|Any CPU.Build.0 = Debug|Any CPU
		{D400BDA4-A35E-4DC4-8483-62E856C73C10}.Debug|x64.ActiveCfg = Debug|Any CPU
		{D400BDA4-A35E-4DC4-8483-62E856C73C10}.Debug|x64.Build.0 = Debug|Any CPU
		{D400BDA4-A35E-4DC4-8483-62E856C73C10}.Debug|x86.ActiveCfg = Debug|Any CPU
		{D400BDA4-A35E-4DC4-8483-62E856C73C10}.Debug|x86.Build.0 = Debug|Any CPU
		{D400BDA4-A35E-4DC4-8483-62E856C73C10}.Release|Any CPU.ActiveCfg = Release|Any CPU
		{D400BDA4-A35E-4DC4-8483-62E856C73C10}.Release|Any CPU.Build.0 = Release|Any CPU
		{D400BDA4-A35E-4DC4-8483-62E856C73C10}.Release|x64.ActiveCfg = Release|Any CPU
		{D400BDA4-A35E-4DC4-8483-62E856C73C10}.Release|x64.Build.0 = Release|Any CPU
		{D400BDA4-A35E-4DC4-8483-62E856C73C10}.Release|x86.ActiveCfg = Release|Any CPU
		{D400BDA4-A35E-4DC4-8483-62E856C73C10}.Release|x86.Build.0 = Release|Any CPU
		{313699A2-6245-4FB1-A577-56EE63B11C54}.Debug|Any CPU.ActiveCfg = Debug|Any CPU
		{313699A2-6245-4FB1-A577-56EE63B11C54}.Debug|Any CPU.Build.0 = Debug|Any CPU
		{313699A2-6245-4FB1-A577-56EE63B11C54}.Debug|x64.ActiveCfg = Debug|Any CPU
		{313699A2-6245-4FB1-A577-56EE63B11C54}.Debug|x64.Build.0 = Debug|Any CPU
		{313699A2-6245-4FB1-A577-56EE63B11C54}.Debug|x86.ActiveCfg = Debug|Any CPU
		{313699A2-6245-4FB1-A577-56EE63B11C54}.Debug|x86.Build.0 = Debug|Any CPU
		{313699A2-6245-4FB1-A577-56EE63B11C54}.Release|Any CPU.ActiveCfg = Release|Any CPU
		{313699A2-6245-4FB1-A577-56EE63B11C54}.Release|Any CPU.Build.0 = Release|Any CPU
		{313699A2-6245-4FB1-A577-56EE63B11C54}.Release|x64.ActiveCfg = Release|Any CPU
		{313699A2-6245-4FB1-A577-56EE63B11C54}.Release|x64.Build.0 = Release|Any CPU
		{313699A2-6245-4FB1-A577-56EE63B11C54}.Release|x86.ActiveCfg = Release|Any CPU
		{313699A2-6245-4FB1-A577-56EE63B11C54}.Release|x86.Build.0 = Release|Any CPU
		{EE7CB656-C8F3-400A-9072-D5323B951D34}.Debug|Any CPU.ActiveCfg = Debug|Any CPU
		{EE7CB656-C8F3-400A-9072-D5323B951D34}.Debug|Any CPU.Build.0 = Debug|Any CPU
		{EE7CB656-C8F3-400A-9072-D5323B951D34}.Debug|x64.ActiveCfg = Debug|Any CPU
		{EE7CB656-C8F3-400A-9072-D5323B951D34}.Debug|x64.Build.0 = Debug|Any CPU
		{EE7CB656-C8F3-400A-9072-D5323B951D34}.Debug|x86.ActiveCfg = Debug|Any CPU
		{EE7CB656-C8F3-400A-9072-D5323B951D34}.Debug|x86.Build.0 = Debug|Any CPU
		{EE7CB656-C8F3-400A-9072-D5323B951D34}.Release|Any CPU.ActiveCfg = Release|Any CPU
		{EE7CB656-C8F3-400A-9072-D5323B951D34}.Release|Any CPU.Build.0 = Release|Any CPU
		{EE7CB656-C8F3-400A-9072-D5323B951D34}.Release|x64.ActiveCfg = Release|Any CPU
		{EE7CB656-C8F3-400A-9072-D5323B951D34}.Release|x64.Build.0 = Release|Any CPU
		{EE7CB656-C8F3-400A-9072-D5323B951D34}.Release|x86.ActiveCfg = Release|Any CPU
		{EE7CB656-C8F3-400A-9072-D5323B951D34}.Release|x86.Build.0 = Release|Any CPU
		{D76AD30A-27CE-4E1C-8397-AB7673A14D04}.Debug|Any CPU.ActiveCfg = Debug|Any CPU
		{D76AD30A-27CE-4E1C-8397-AB7673A14D04}.Debug|Any CPU.Build.0 = Debug|Any CPU
		{D76AD30A-27CE-4E1C-8397-AB7673A14D04}.Debug|x64.ActiveCfg = Debug|Any CPU
		{D76AD30A-27CE-4E1C-8397-AB7673A14D04}.Debug|x64.Build.0 = Debug|Any CPU
		{D76AD30A-27CE-4E1C-8397-AB7673A14D04}.Debug|x86.ActiveCfg = Debug|Any CPU
		{D76AD30A-27CE-4E1C-8397-AB7673A14D04}.Debug|x86.Build.0 = Debug|Any CPU
		{D76AD30A-27CE-4E1C-8397-AB7673A14D04}.Release|Any CPU.ActiveCfg = Release|Any CPU
		{D76AD30A-27CE-4E1C-8397-AB7673A14D04}.Release|Any CPU.Build.0 = Release|Any CPU
		{D76AD30A-27CE-4E1C-8397-AB7673A14D04}.Release|x64.ActiveCfg = Release|Any CPU
		{D76AD30A-27CE-4E1C-8397-AB7673A14D04}.Release|x64.Build.0 = Release|Any CPU
		{D76AD30A-27CE-4E1C-8397-AB7673A14D04}.Release|x86.ActiveCfg = Release|Any CPU
		{D76AD30A-27CE-4E1C-8397-AB7673A14D04}.Release|x86.Build.0 = Release|Any CPU
	EndGlobalSection
	GlobalSection(SolutionProperties) = preSolution
		HideSolutionNode = FALSE
	EndGlobalSection
	GlobalSection(ExtensibilityGlobals) = postSolution
		SolutionGuid = {51FD3F94-BC27-45EB-9D9F-904BCA1291F0}
	EndGlobalSection
EndGlobal
